
Microsoft Visual Studio Solution File, Format Version 12.00
# Visual Studio 2012
Project("{FAE04EC0-301F-11D3-BF4B-00C04F79EFBC}") = "DoublePendulum", "DoublePendulum\DoublePendulum.csproj", "{28D9B3DD-BDA9-47A3-8F7C-2F56B3023E16}"
EndProject
Global
	GlobalSection(SolutionConfigurationPlatforms) = preSolution
		Debug|Any CPU = Debug|Any CPU
		Release|Any CPU = Release|Any CPU
	EndGlobalSection
	GlobalSection(ProjectConfigurationPlatforms) = postSolution
		{28D9B3DD-BDA9-47A3-8F7C-2F56B3023E16}.Debug|Any CPU.ActiveCfg = Debug|Any CPU
		{28D9B3DD-BDA9-47A3-8F7C-2F56B3023E16}.Debug|Any CPU.Build.0 = Debug|Any CPU
		{28D9B3DD-BDA9-47A3-8F7C-2F56B3023E16}.Release|Any CPU.ActiveCfg = Release|Any CPU
		{28D9B3DD-BDA9-47A3-8F7C-2F56B3023E16}.Release|Any CPU.Build.0 = Release|Any CPU
	EndGlobalSection
EndGlobal
